
Microsoft Visual Studio Solution File, Format Version 12.00
# Visual Studio 15
VisualStudioVersion = 15.0.27004.2005
MinimumVisualStudioVersion = 10.0.40219.1
Project("{8BC9CEB8-8B4A-11D0-8D11-00A0C91BC942}") = "matrixOps", "matrixOps\matrixOps.vcxproj", "{22D0E084-F477-4E66-B8F6-7E42E35B0EFE}"
EndProject
Global
	GlobalSection(SolutionConfigurationPlatforms) = preSolution
		Debug|x64 = Debug|x64
		Debug|x86 = Debug|x86
		Release|x64 = Release|x64
		Release|x86 = Release|x86
	EndGlobalSection
	GlobalSection(ProjectConfigurationPlatforms) = postSolution
		{22D0E084-F477-4E66-B8F6-7E42E35B0EFE}.Debug|x64.ActiveCfg = Debug|x64
		{22D0E084-F477-4E66-B8F6-7E42E35B0EFE}.Debug|x64.Build.0 = Debug|x64
		{22D0E084-F477-4E66-B8F6-7E42E35B0EFE}.Debug|x86.ActiveCfg = Debug|Win32
		{22D0E084-F477-4E66-B8F6-7E42E35B0EFE}.Debug|x86.Build.0 = Debug|Win32
		{22D0E084-F477-4E66-B8F6-7E42E35B0EFE}.Release|x64.ActiveCfg = Release|x64
		{22D0E084-F477-4E66-B8F6-7E42E35B0EFE}.Release|x64.Build.0 = Release|x64
		{22D0E084-F477-4E66-B8F6-7E42E35B0EFE}.Release|x86.ActiveCfg = Release|Win32
		{22D0E084-F477-4E66-B8F6-7E42E35B0EFE}.Release|x86.Build.0 = Release|Win32
	EndGlobalSection
	GlobalSection(SolutionProperties) = preSolution
		HideSolutionNode = FALSE
	EndGlobalSection
	GlobalSection(ExtensibilityGlobals) = postSolution
		SolutionGuid = {BBEE0036-09A2-4DFF-99B4-03072058A41E}
	EndGlobalSection
EndGlobal
